
Microsoft Visual Studio Solution File, Format Version 11.00
# Visual Studio 2010
Project("{FAE04EC0-301F-11D3-BF4B-00C04F79EFBC}") = "ElmahAndMvc3", "ElmahAndMvc3.csproj", "{2C04485E-1A61-4AC2-A935-60A7E8AC0758}"
EndProject
Global
	GlobalSection(SolutionConfigurationPlatforms) = preSolution
		Debug|Any CPU = Debug|Any CPU
		Release|Any CPU = Release|Any CPU
	EndGlobalSection
	GlobalSection(ProjectConfigurationPlatforms) = postSolution
		{2C04485E-1A61-4AC2-A935-60A7E8AC0758}.Debug|Any CPU.ActiveCfg = Debug|Any CPU
		{2C04485E-1A61-4AC2-A935-60A7E8AC0758}.Debug|Any CPU.Build.0 = Debug|Any CPU
		{2C04485E-1A61-4AC2-A935-60A7E8AC0758}.Release|Any CPU.ActiveCfg = Release|Any CPU
		{2C04485E-1A61-4AC2-A935-60A7E8AC0758}.Release|Any CPU.Build.0 = Release|Any CPU
	EndGlobalSection
	GlobalSection(SolutionProperties) = preSolution
		HideSolutionNode = FALSE
	EndGlobalSection
EndGlobal
